
Microsoft Visual Studio Solution File, Format Version 12.00
# Visual Studio Version 16
VisualStudioVersion = 16.0.30804.86
MinimumVisualStudioVersion = 10.0.40219.1
Project("{FAE04EC0-301F-11D3-BF4B-00C04F79EFBC}") = "Operators", "Operators\Operators.csproj", "{F71DA12B-2AB2-4260-9A2C-13DC5C430401}"
EndProject
Global
	GlobalSection(SolutionConfigurationPlatforms) = preSolution
		Debug|Any CPU = Debug|Any CPU
		Release|Any CPU = Release|Any CPU
	EndGlobalSection
	GlobalSection(ProjectConfigurationPlatforms) = postSolution
		{F71DA12B-2AB2-4260-9A2C-13DC5C430401}.Debug|Any CPU.ActiveCfg = Debug|Any CPU
		{F71DA12B-2AB2-4260-9A2C-13DC5C430401}.Debug|Any CPU.Build.0 = Debug|Any CPU
		{F71DA12B-2AB2-4260-9A2C-13DC5C430401}.Release|Any CPU.ActiveCfg = Release|Any CPU
		{F71DA12B-2AB2-4260-9A2C-13DC5C430401}.Release|Any CPU.Build.0 = Release|Any CPU
	EndGlobalSection
	GlobalSection(SolutionProperties) = preSolution
		HideSolutionNode = FALSE
	EndGlobalSection
	GlobalSection(ExtensibilityGlobals) = postSolution
		SolutionGuid = {01F8ABED-E74D-4433-B259-E32DE89C7ED0}
	EndGlobalSection
EndGlobal
